lockfileVersion: 5.3

specifiers:
  rm-modules: ^1.0.2

dependencies:
  rm-modules: 1.0.2

packages:

  /balanced-match/1.0.2:
    resolution: {integrity: sha512-3oSeUO0TMV67hN1AmbXsK4yaqU7tjiHlbxRDZOpH0KW9+CeX4bRAaX0Anxt0tx2MrpRpWwQaPwIlISEJhYU5Pw==}
    dev: false

  /brace-expansion/1.1.11:
    resolution: {integrity: sha512-iCuPHDFgrHX7H2vEI/5xpz07zSHB00TpugqhmYtVmMO6518mCuRMoOYFldEBl0g187ufozdaHgWKcYFb61qGiA==}
    dependencies:
      balanced-match: 1.0.2
      concat-map: 0.0.1
    dev: false

  /concat-map/0.0.1:
    resolution: {integrity: sha1-2Klr13/Wjfd5OnMDajug1UBdR3s=}
    dev: false

  /core-util-is/1.0.3:
    resolution: {integrity: sha512-ZQBvi1DcpJ4GDqanjucZ2Hj3wEO5pZDS89BWbkcrvdxksJorwUDDZamX9ldFkp9aw2lmBDLgkObEA4DWNJ9FYQ==}
    dev: false

  /fs.realpath/1.0.0:
    resolution: {integrity: sha1-FQStJSMVjKpA20onh8sBQRmU6k8=}
    dev: false

  /glob/7.2.0:
    resolution: {integrity: sha512-lmLf6gtyrPq8tTjSmrO94wBeQbFR3HbLHbuyD69wuyQkImp2hWqMGB47OX65FBkPffO641IP9jWa1z4ivqG26Q==}
    dependencies:
      fs.realpath: 1.0.0
      inflight: 1.0.6
      inherits: 2.0.4
      minimatch: 3.1.2
      once: 1.4.0
      path-is-absolute: 1.0.1
    dev: false

  /graceful-fs/4.1.15:
    resolution: {integrity: sha512-6uHUhOPEBgQ24HM+r6b/QwWfZq+yiFcipKFrOFiBEnWdy5sdzYoi+pJeQaPI5qOLRFqWmAXUPQNsielzdLoecA==}
    dev: false

  /inflight/1.0.6:
    resolution: {integrity: sha1-Sb1jMdfQLQwJvJEKEHW6gWW1bfk=}
    dependencies:
      once: 1.4.0
      wrappy: 1.0.2
    dev: false

  /inherits/2.0.4:
    resolution: {integrity: sha512-k/vGaX4/Yla3WzyMCvTQOXYeIHvqOKtnqBduzTHpzpQZzAskKMhZ2K+EnBiSM9zGSoIFeMpXKxa4dYeZIQqewQ==}
    dev: false

  /isarray/0.0.1:
    resolution: {integrity: sha1-ihis/Kmo9Bd+Cav8YDiTmwXR7t8=}
    dev: false

  /lru-cache/2.7.3:
    resolution: {integrity: sha1-bUUk6LlV+V1PW1iFHOId1y+06VI=}
    dev: false

  /map-limit/0.0.1:
    resolution: {integrity: sha1-63lhAxwPDo0AG/LVb6toXViCLzg=}
    dependencies:
      once: 1.3.3
    dev: false

  /minimatch/0.2.14:
    resolution: {integrity: sha1-x054BXT2PG+aCQ6Q775u9TpqdWo=}
    deprecated: Please update to minimatch 3.0.2 or higher to avoid a RegExp DoS issue
    dependencies:
      lru-cache: 2.7.3
      sigmund: 1.0.1
    dev: false

  /minimatch/3.1.2:
    resolution: {integrity: sha512-J7p63hRiAjw1NDEww1W7i37+ByIrOWO5XQQAzZ3VOcL0PNybwpfmV/N05zFAzwQ9USyEcX6t3UO+K5aqBQOIHw==}
    dependencies:
      brace-expansion: 1.1.11
    dev: false

  /once/1.3.3:
    resolution: {integrity: sha1-suJhVXzkwxTsgwTz+oJmPkKXyiA=}
    dependencies:
      wrappy: 1.0.2
    dev: false

  /once/1.4.0:
    resolution: {integrity: sha1-WDsap3WWHUsROsF9nFC6753Xa9E=}
    dependencies:
      wrappy: 1.0.2
    dev: false

  /path-is-absolute/1.0.1:
    resolution: {integrity: sha1-F0uSaHNVNP+8es5r9TpanhtcX18=}
    engines: {node: '>=0.10.0'}
    dev: false

  /readable-stream/1.0.34:
    resolution: {integrity: sha1-Elgg40vIQtLyqq+v5MKRbuMsFXw=}
    dependencies:
      core-util-is: 1.0.3
      inherits: 2.0.4
      isarray: 0.0.1
      string_decoder: 0.10.31
    dev: false

  /readdirp/1.4.0:
    resolution: {integrity: sha1-xd5vyz3sgFI8HHARPxoZDYr4LIk=}
    engines: {node: '>=0.6'}
    dependencies:
      graceful-fs: 4.1.15
      minimatch: 0.2.14
      readable-stream: 1.0.34
    dev: false

  /rimraf/2.7.1:
    resolution: {integrity: sha512-uWjbaKIK3T1OSVptzX7Nl6PvQ3qAGtKEtVRjRuazjfL3Bx5eI409VZSqgND+4UNnmzLVdPj9FqFJNPqBZFve4w==}
    hasBin: true
    dependencies:
      glob: 7.2.0
    dev: false

  /rm-modules/1.0.2:
    resolution: {integrity: sha1-E8MYT57NmbHTyOTSMJSqxwAfEew=}
    hasBin: true
    dependencies:
      map-limit: 0.0.1
      readdirp: 1.4.0
      rimraf: 2.7.1
    dev: false

  /sigmund/1.0.1:
    resolution: {integrity: sha1-P/IfGYytIXX587eBhT/ZTQ0ZtZA=}
    dev: false

  /string_decoder/0.10.31:
    resolution: {integrity: sha1-YuIDvEF2bGwoyfyEMB2rHFMQ+pQ=}
    dev: false

  /wrappy/1.0.2:
    resolution: {integrity: sha1-tSQ9jz7BqjXxNkYFvA0QNuMKtp8=}
    dev: false
